// !$*UTF8*$!
{
	archiveVersion = 1;
	classes = {
	};
	objectVersion = 56;
	objects = {

/* Begin PBXBuildFile section */
		1E95CB362FED8A0E00868C94 /* Assets.xcassets in Resources */ = {isa = PBXBuildFile; fileRef = 1E95CB352FED8A0E00868C94 /* Assets.xcassets */; };
		AA000001 /* CardioAIApp.swift in Sources */ = {isa = PBXBuildFile; fileRef = AA100001 /* CardioAIApp.swift */; };
		AA000002 /* DependencyContainer.swift in Sources */ = {isa = PBXBuildFile; fileRef = AA100002 /* DependencyContainer.swift */; };
		AA000003 /* AppConfiguration.swift in Sources */ = {isa = PBXBuildFile; fileRef = AA100003 /* AppConfiguration.swift */; };
		AA000004 /* Keychain/KeychainService.swift in Sources */ = {isa = PBXBuildFile; fileRef = AA100004 /* Keychain/KeychainService.swift */; };
		AA000005 /* HMACSecurityManager.swift in Sources */ = {isa = PBXBuildFile; fileRef = AA100005 /* HMACSecurityManager.swift */; };
		AA000006 /* Protocol/Protocol.swift in Sources */ = {isa = PBXBuildFile; fileRef = AA100006 /* Protocol/Protocol.swift */; };
		AA000007 /* WebSocket/BridgeClient.swift in Sources */ = {isa = PBXBuildFile; fileRef = AA100007 /* WebSocket/BridgeClient.swift */; };
		AA000008 /* REST/APIClient.swift in Sources */ = {isa = PBXBuildFile; fileRef = AA100008 /* REST/APIClient.swift */; };
		AA000009 /* Models.swift in Sources */ = {isa = PBXBuildFile; fileRef = AA100009 /* Models.swift */; };
		AA000010 /* Stores.swift in Sources */ = {isa = PBXBuildFile; fileRef = AA100010 /* Stores.swift */; };
		AA000011 /* RootView.swift in Sources */ = {isa = PBXBuildFile; fileRef = AA100011 /* RootView.swift */; };
		AA000012 /* MainTabView.swift in Sources */ = {isa = PBXBuildFile; fileRef = AA100012 /* MainTabView.swift */; };
		AA000013 /* Dashboard/DashboardView.swift in Sources */ = {isa = PBXBuildFile; fileRef = AA100013 /* Dashboard/DashboardView.swift */; };
		AA000014 /* Alerts/AlertsView.swift in Sources */ = {isa = PBXBuildFile; fileRef = AA100014 /* Alerts/AlertsView.swift */; };
		AA000015 /* Devices/DevicesView.swift in Sources */ = {isa = PBXBuildFile; fileRef = AA100015 /* Devices/DevicesView.swift */; };
		AA000016 /* Settings/SettingsView.swift in Sources */ = {isa = PBXBuildFile; fileRef = AA100016 /* Settings/SettingsView.swift */; };
		AA000017 /* Notifications/NotificationService.swift in Sources */ = {isa = PBXBuildFile; fileRef = AA100017 /* Notifications/NotificationService.swift */; };
		AA000018 /* Health/HealthKitService.swift in Sources */ = {isa = PBXBuildFile; fileRef = AA100018 /* Health/HealthKitService.swift */; };
		AA000019 /* AuthService.swift in Sources */ = {isa = PBXBuildFile; fileRef = AA100019 /* AuthService.swift */; };
		AA000020 /* Health/DevicePairingService.swift in Sources */ = {isa = PBXBuildFile; fileRef = AA100020 /* Health/DevicePairingService.swift */; };
		AA000041 /* Health/FitbitService.swift in Sources */ = {isa = PBXBuildFile; fileRef = AA100041 /* Health/FitbitService.swift */; };
		AA000042 /* Health/KnownBLEDevices.swift in Sources */ = {isa = PBXBuildFile; fileRef = AA100042 /* Health/KnownBLEDevices.swift */; };
		AA000021 /* Auth/SignInView.swift in Sources */ = {isa = PBXBuildFile; fileRef = AA100021 /* Auth/SignInView.swift */; };
		AA000022 /* DevicePairing/DevicePairingView.swift in Sources */ = {isa = PBXBuildFile; fileRef = AA100022 /* DevicePairing/DevicePairingView.swift */; };
		AA000030 /* CardioAITests.swift in Sources */ = {isa = PBXBuildFile; fileRef = AA100030 /* CardioAITests.swift */; };
		AA000040 /* Theme.swift in Sources */ = {isa = PBXBuildFile; fileRef = AA100040 /* Theme.swift */; };
/* End PBXBuildFile section */

/* Begin PBXContainerItemProxy section */
		1E95C98F2FED83CD00868C94 /* PBXContainerItemProxy */ = {
			isa = PBXContainerItemProxy;
			containerPortal = AA600001 /* Project object */;
			proxyType = 1;
			remoteGlobalIDString = AA400001;
			remoteInfo = CardioAI;
		};
/* End PBXContainerItemProxy section */

/* Begin PBXFileReference section */
		1E95CB352FED8A0E00868C94 /* Assets.xcassets */ = {isa = PBXFileReference; lastKnownFileType = folder.assetcatalog; path = Assets.xcassets; sourceTree = "<group>"; };
		AA100001 /* CardioAIApp.swift */ = {isa = PBXFileReference; lastKnownFileType = sourcecode.swift; path = CardioAIApp.swift; sourceTree = "<group>"; };
		AA100002 /* DependencyContainer.swift */ = {isa = PBXFileReference; lastKnownFileType = sourcecode.swift; path = DependencyContainer.swift; sourceTree = "<group>"; };
		AA100003 /* AppConfiguration.swift */ = {isa = PBXFileReference; lastKnownFileType = sourcecode.swift; path = AppConfiguration.swift; sourceTree = "<group>"; };
		AA100004 /* Keychain/KeychainService.swift */ = {isa = PBXFileReference; lastKnownFileType = sourcecode.swift; path = Keychain/KeychainService.swift; sourceTree = "<group>"; };
		AA100005 /* HMACSecurityManager.swift */ = {isa = PBXFileReference; lastKnownFileType = sourcecode.swift; path = HMACSecurityManager.swift; sourceTree = "<group>"; };
		AA100006 /* Protocol/Protocol.swift */ = {isa = PBXFileReference; lastKnownFileType = sourcecode.swift; path = Protocol/Protocol.swift; sourceTree = "<group>"; };
		AA100007 /* WebSocket/BridgeClient.swift */ = {isa = PBXFileReference; lastKnownFileType = sourcecode.swift; path = WebSocket/BridgeClient.swift; sourceTree = "<group>"; };
		AA100008 /* REST/APIClient.swift */ = {isa = PBXFileReference; lastKnownFileType = sourcecode.swift; path = REST/APIClient.swift; sourceTree = "<group>"; };
		AA100009 /* Models.swift */ = {isa = PBXFileReference; lastKnownFileType = sourcecode.swift; path = Models.swift; sourceTree = "<group>"; };
		AA100010 /* Stores.swift */ = {isa = PBXFileReference; lastKnownFileType = sourcecode.swift; path = Stores.swift; sourceTree = "<group>"; };
		AA100011 /* RootView.swift */ = {isa = PBXFileReference; lastKnownFileType = sourcecode.swift; path = RootView.swift; sourceTree = "<group>"; };
		AA100012 /* MainTabView.swift */ = {isa = PBXFileReference; lastKnownFileType = sourcecode.swift; path = MainTabView.swift; sourceTree = "<group>"; };
		AA100013 /* Dashboard/DashboardView.swift */ = {isa = PBXFileReference; lastKnownFileType = sourcecode.swift; path = Dashboard/DashboardView.swift; sourceTree = "<group>"; };
		AA100014 /* Alerts/AlertsView.swift */ = {isa = PBXFileReference; lastKnownFileType = sourcecode.swift; path = Alerts/AlertsView.swift; sourceTree = "<group>"; };
		AA100015 /* Devices/DevicesView.swift */ = {isa = PBXFileReference; lastKnownFileType = sourcecode.swift; path = Devices/DevicesView.swift; sourceTree = "<group>"; };
		AA100016 /* Settings/SettingsView.swift */ = {isa = PBXFileReference; lastKnownFileType = sourcecode.swift; path = Settings/SettingsView.swift; sourceTree = "<group>"; };
		AA100017 /* Notifications/NotificationService.swift */ = {isa = PBXFileReference; lastKnownFileType = sourcecode.swift; path = Notifications/NotificationService.swift; sourceTree = "<group>"; };
		AA100018 /* Health/HealthKitService.swift */ = {isa = PBXFileReference; lastKnownFileType = sourcecode.swift; path = Health/HealthKitService.swift; sourceTree = "<group>"; };
		AA100019 /* AuthService.swift */ = {isa = PBXFileReference; lastKnownFileType = sourcecode.swift; path = AuthService.swift; sourceTree = "<group>"; };
		AA100020 /* Health/DevicePairingService.swift */ = {isa = PBXFileReference; lastKnownFileType = sourcecode.swift; path = Health/DevicePairingService.swift; sourceTree = "<group>"; };
		AA100041 /* Health/FitbitService.swift */ = {isa = PBXFileReference; lastKnownFileType = sourcecode.swift; path = Health/FitbitService.swift; sourceTree = "<group>"; };
		AA100042 /* Health/KnownBLEDevices.swift */ = {isa = PBXFileReference; lastKnownFileType = sourcecode.swift; path = Health/KnownBLEDevices.swift; sourceTree = "<group>"; };
		AA100021 /* Auth/SignInView.swift */ = {isa = PBXFileReference; lastKnownFileType = sourcecode.swift; path = Auth/SignInView.swift; sourceTree = "<group>"; };
		AA100022 /* DevicePairing/DevicePairingView.swift */ = {isa = PBXFileReference; lastKnownFileType = sourcecode.swift; path = DevicePairing/DevicePairingView.swift; sourceTree = "<group>"; };
		AA100030 /* CardioAITests.swift */ = {isa = PBXFileReference; lastKnownFileType = sourcecode.swift; path = CardioAITests.swift; sourceTree = "<group>"; };
		AA100040 /* Theme.swift */ = {isa = PBXFileReference; lastKnownFileType = sourcecode.swift; path = Theme.swift; sourceTree = "<group>"; };
		AA100098 /* CardioAI.entitlements */ = {isa = PBXFileReference; lastKnownFileType = text.plist.entitlements; path = CardioAI.entitlements; sourceTree = "<group>"; };
		AA100099 /* Info.plist */ = {isa = PBXFileReference; lastKnownFileType = text.plist.xml; path = Info.plist; sourceTree = "<group>"; };
		AA200001 /* CardioAI.app */ = {isa = PBXFileReference; explicitFileType = wrapper.application; includeInIndex = 0; path = CardioAI.app; sourceTree = BUILT_PRODUCTS_DIR; };
		AA200002 /* CardioAITests.xctest */ = {isa = PBXFileReference; explicitFileType = wrapper.cfbundle; includeInIndex = 0; path = CardioAITests.xctest; sourceTree = BUILT_PRODUCTS_DIR; };
/* End PBXFileReference section */

/* Begin PBXFrameworksBuildPhase section */
		AA410003 /* Frameworks */ = {
			isa = PBXFrameworksBuildPhase;
			buildActionMask = 2147483647;
			files = (
			);
			runOnlyForDeploymentPostprocessing = 0;
		};
/* End PBXFrameworksBuildPhase section */

/* Begin PBXGroup section */
		AA300000 = {
			isa = PBXGroup;
			children = (
				AA300001 /* CardioAI */,
				AA300090 /* CardioAITests */,
				AA300099 /* Products */,
			);
			sourceTree = "<group>";
		};
		AA300001 /* CardioAI */ = {
			isa = PBXGroup;
			children = (
				1E95CB352FED8A0E00868C94 /* Assets.xcassets */,
				AA100001 /* CardioAIApp.swift */,
				AA100098 /* CardioAI.entitlements */,
				AA300040 /* DesignTokens */,
				AA300010 /* Auth */,
				AA300011 /* Core */,
				AA300012 /* Network */,
				AA300013 /* Security */,
				AA300014 /* Models */,
				AA300015 /* UI */,
				AA300016 /* Services */,
				AA300017 /* Supporting Files */,
			);
			path = CardioAI;
			sourceTree = "<group>";
		};
		AA300010 /* Auth */ = {
			isa = PBXGroup;
			children = (
				AA100019 /* AuthService.swift */,
			);
			path = Auth;
			sourceTree = "<group>";
		};
		AA300011 /* Core */ = {
			isa = PBXGroup;
			children = (
				AA100002 /* DependencyContainer.swift */,
				AA100003 /* AppConfiguration.swift */,
				AA100010 /* Stores.swift */,
			);
			path = Core;
			sourceTree = "<group>";
		};
		AA300012 /* Network */ = {
			isa = PBXGroup;
			children = (
				AA100006 /* Protocol/Protocol.swift */,
				AA100007 /* WebSocket/BridgeClient.swift */,
				AA100008 /* REST/APIClient.swift */,
			);
			path = Network;
			sourceTree = "<group>";
		};
		AA300013 /* Security */ = {
			isa = PBXGroup;
			children = (
				AA100005 /* HMACSecurityManager.swift */,
			);
			path = Security;
			sourceTree = "<group>";
		};
		AA300014 /* Models */ = {
			isa = PBXGroup;
			children = (
				AA100009 /* Models.swift */,
			);
			path = Models;
			sourceTree = "<group>";
		};
		AA300015 /* UI */ = {
			isa = PBXGroup;
			children = (
				AA100011 /* RootView.swift */,
				AA100012 /* MainTabView.swift */,
				AA100013 /* Dashboard/DashboardView.swift */,
				AA100014 /* Alerts/AlertsView.swift */,
				AA100015 /* Devices/DevicesView.swift */,
				AA100016 /* Settings/SettingsView.swift */,
				AA100021 /* Auth/SignInView.swift */,
				AA100022 /* DevicePairing/DevicePairingView.swift */,
			);
			path = UI;
			sourceTree = "<group>";
		};
		AA300016 /* Services */ = {
			isa = PBXGroup;
			children = (
				AA100004 /* Keychain/KeychainService.swift */,
				AA100017 /* Notifications/NotificationService.swift */,
				AA100018 /* Health/HealthKitService.swift */,
				AA100020 /* Health/DevicePairingService.swift */,
				AA100041 /* Health/FitbitService.swift */,
				AA100042 /* Health/KnownBLEDevices.swift */,
			);
			path = Services;
			sourceTree = "<group>";
		};
		AA300017 /* Supporting Files */ = {
			isa = PBXGroup;
			children = (
				AA100099 /* Info.plist */,
			);
			path = "Supporting Files";
			sourceTree = "<group>";
		};
		AA300040 /* DesignTokens */ = {
			isa = PBXGroup;
			children = (
				AA100040 /* Theme.swift */,
			);
			path = DesignTokens;
			sourceTree = "<group>";
		};
		AA300090 /* CardioAITests */ = {
			isa = PBXGroup;
			children = (
				AA100030 /* CardioAITests.swift */,
			);
			path = CardioAITests;
			sourceTree = "<group>";
		};
		AA300099 /* Products */ = {
			isa = PBXGroup;
			children = (
				AA200001 /* CardioAI.app */,
				AA200002 /* CardioAITests.xctest */,
			);
			name = Products;
			sourceTree = "<group>";
		};
/* End PBXGroup section */

/* Begin PBXNativeTarget section */
		AA400001 /* CardioAI */ = {
			isa = PBXNativeTarget;
			buildConfigurationList = AA500001 /* Build configuration list for PBXNativeTarget "CardioAI" */;
			buildPhases = (
				AA410001 /* Sources */,
				AA410002 /* Resources */,
				AA410003 /* Frameworks */,
			);
			buildRules = (
			);
			dependencies = (
			);
			name = CardioAI;
			productName = CardioAI;
			productReference = AA200001 /* CardioAI.app */;
			productType = "com.apple.product-type.application";
		};
		AA400002 /* CardioAITests */ = {
			isa = PBXNativeTarget;
			buildConfigurationList = AA500003 /* Build configuration list for PBXNativeTarget "CardioAITests" */;
			buildPhases = (
				AA410010 /* Sources */,
			);
			buildRules = (
			);
			dependencies = (
				AA420001 /* PBXTargetDependency */,
			);
			name = CardioAITests;
			productName = CardioAITests;
			productReference = AA200002 /* CardioAITests.xctest */;
			productType = "com.apple.product-type.bundle.unit-test";
		};
/* End PBXNativeTarget section */

/* Begin PBXProject section */
		AA600001 /* Project object */ = {
			isa = PBXProject;
			attributes = {
				BuildIndependentTargetsInParallel = 1;
				LastSwiftUpdateCheck = 1500;
				LastUpgradeCheck = 1500;
				TargetAttributes = {
					AA400001 = {
						CreatedOnToolsVersion = 15.0;
					};
					AA400002 = {
						CreatedOnToolsVersion = 15.0;
						TestTargetID = AA400001;
					};
				};
			};
			buildConfigurationList = AA500002 /* Build configuration list for PBXProject "CardioAI" */;
			compatibilityVersion = "Xcode 14.0";
			developmentRegion = en;
			hasScannedForEncodings = 0;
			knownRegions = (
				en,
				Base,
			);
			mainGroup = AA300000;
			productRefGroup = AA300099 /* Products */;
			projectDirPath = "";
			projectRoot = "";
			targets = (
				AA400001 /* CardioAI */,
				AA400002 /* CardioAITests */,
			);
		};
/* End PBXProject section */

/* Begin PBXResourcesBuildPhase section */
		AA410002 /* Resources */ = {
			isa = PBXResourcesBuildPhase;
			buildActionMask = 2147483647;
			files = (
				1E95CB362FED8A0E00868C94 /* Assets.xcassets in Resources */,
			);
			runOnlyForDeploymentPostprocessing = 0;
		};
/* End PBXResourcesBuildPhase section */

/* Begin PBXSourcesBuildPhase section */
		AA410001 /* Sources */ = {
			isa = PBXSourcesBuildPhase;
			buildActionMask = 2147483647;
			files = (
				AA000001 /* CardioAIApp.swift in Sources */,
				AA000002 /* DependencyContainer.swift in Sources */,
				AA000003 /* AppConfiguration.swift in Sources */,
				AA000004 /* Keychain/KeychainService.swift in Sources */,
				AA000005 /* HMACSecurityManager.swift in Sources */,
				AA000006 /* Protocol/Protocol.swift in Sources */,
				AA000007 /* WebSocket/BridgeClient.swift in Sources */,
				AA000008 /* REST/APIClient.swift in Sources */,
				AA000009 /* Models.swift in Sources */,
				AA000010 /* Stores.swift in Sources */,
				AA000011 /* RootView.swift in Sources */,
				AA000012 /* MainTabView.swift in Sources */,
				AA000013 /* Dashboard/DashboardView.swift in Sources */,
				AA000014 /* Alerts/AlertsView.swift in Sources */,
				AA000015 /* Devices/DevicesView.swift in Sources */,
				AA000016 /* Settings/SettingsView.swift in Sources */,
				AA000017 /* Notifications/NotificationService.swift in Sources */,
				AA000018 /* Health/HealthKitService.swift in Sources */,
				AA000019 /* AuthService.swift in Sources */,
				AA000020 /* Health/DevicePairingService.swift in Sources */,
				AA000041 /* Health/FitbitService.swift in Sources */,
				AA000042 /* Health/KnownBLEDevices.swift in Sources */,
				AA000021 /* Auth/SignInView.swift in Sources */,
				AA000022 /* DevicePairing/DevicePairingView.swift in Sources */,
				AA000040 /* Theme.swift in Sources */,
			);
			runOnlyForDeploymentPostprocessing = 0;
		};
		AA410010 /* Sources */ = {
			isa = PBXSourcesBuildPhase;
			buildActionMask = 2147483647;
			files = (
				AA000030 /* CardioAITests.swift in Sources */,
			);
			runOnlyForDeploymentPostprocessing = 0;
		};
/* End PBXSourcesBuildPhase section */

/* Begin PBXTargetDependency section */
		AA420001 /* PBXTargetDependency */ = {
			isa = PBXTargetDependency;
			target = AA400001 /* CardioAI */;
			targetProxy = 1E95C98F2FED83CD00868C94 /* PBXContainerItemProxy */;
		};
/* End PBXTargetDependency section */

/* Begin XCBuildConfiguration section */
		AA510001 /* Debug */ = {
			isa = XCBuildConfiguration;
			buildSettings = {
				ALWAYS_SEARCH_USER_PATHS = NO;
				ASSETCATALOG_COMPILER_APPICON_NAME = AppIcon;
				ASSETCATALOG_COMPILER_GLOBAL_ACCENT_COLOR_NAME = AccentColor;
				CARDIOAI_API_URL = "https://cardioai-api-lmy5.onrender.com";
				CARDIOAI_CLIENT_ID = "ios-debug-001";
				CARDIOAI_ENVIRONMENT = development;
				CARDIOAI_WS_URL = "wss://cardioai-api-lmy5.onrender.com/stream";
				CLANG_ANALYZER_NONNULL = YES;
				CLANG_ENABLE_MODULES = YES;
				CLANG_ENABLE_OBJC_ARC = YES;
				CODE_SIGN_ENTITLEMENTS = CardioAI/CardioAI.entitlements;
				CODE_SIGN_STYLE = Automatic;
				CURRENT_PROJECT_VERSION = 4;
				DEVELOPMENT_TEAM = W9464NC4J7;
				ENABLE_PREVIEWS = YES;
				GENERATE_INFOPLIST_FILE = NO;
				INFOPLIST_FILE = "CardioAI/Supporting Files/Info.plist";
				INFOPLIST_KEY_CFBundleDisplayName = "CardioAI IOMT";
				IPHONEOS_DEPLOYMENT_TARGET = 17.0;
				MARKETING_VERSION = 1.2;
				PRODUCT_BUNDLE_IDENTIFIER = com.W9464NC4J7.CardioAI.iomt;
				PRODUCT_NAME = CardioAI;
				SWIFT_EMIT_LOC_STRINGS = YES;
				SWIFT_VERSION = 5.9;
				TARGETED_DEVICE_FAMILY = 1;
			};
			name = Debug;
		};
		AA510002 /* Release */ = {
			isa = XCBuildConfiguration;
			buildSettings = {
				ALWAYS_SEARCH_USER_PATHS = NO;
				ASSETCATALOG_COMPILER_APPICON_NAME = AppIcon;
				ASSETCATALOG_COMPILER_GLOBAL_ACCENT_COLOR_NAME = AccentColor;
				CARDIOAI_API_URL = "https://cardioai-api-lmy5.onrender.com";
				CARDIOAI_CLIENT_ID = "ios-prod-001";
				CARDIOAI_ENVIRONMENT = production;
				CARDIOAI_WS_URL = "wss://cardioai-api-lmy5.onrender.com/stream";
				CLANG_ANALYZER_NONNULL = YES;
				CLANG_ENABLE_MODULES = YES;
				CLANG_ENABLE_OBJC_ARC = YES;
				CODE_SIGN_ENTITLEMENTS = CardioAI/CardioAI.entitlements;
				CODE_SIGN_STYLE = Automatic;
				CURRENT_PROJECT_VERSION = 4;
				DEVELOPMENT_TEAM = W9464NC4J7;
				ENABLE_PREVIEWS = NO;
				GENERATE_INFOPLIST_FILE = NO;
				INFOPLIST_FILE = "CardioAI/Supporting Files/Info.plist";
				INFOPLIST_KEY_CFBundleDisplayName = "CardioAI IOMT";
				IPHONEOS_DEPLOYMENT_TARGET = 17.0;
				MARKETING_VERSION = 1.2;
				PRODUCT_BUNDLE_IDENTIFIER = com.W9464NC4J7.CardioAI.iomt;
				PRODUCT_NAME = CardioAI;
				SWIFT_EMIT_LOC_STRINGS = YES;
				SWIFT_VERSION = 5.9;
				TARGETED_DEVICE_FAMILY = 1;
			};
			name = Release;
		};
		AA510003 /* Debug */ = {
			isa = XCBuildConfiguration;
			buildSettings = {
				BUNDLE_LOADER = "$(TEST_HOST)";
				CODE_SIGN_STYLE = Automatic;
				CURRENT_PROJECT_VERSION = 2;
				GENERATE_INFOPLIST_FILE = YES;
				IPHONEOS_DEPLOYMENT_TARGET = 17.0;
				PRODUCT_BUNDLE_IDENTIFIER = com.cardioai.iomt.tests;
				PRODUCT_NAME = CardioAITests;
				SWIFT_VERSION = 5.9;
				TARGETED_DEVICE_FAMILY = 1;
				TEST_HOST = "$(BUILT_PRODUCTS_DIR)/CardioAI.app/$(BUNDLE_EXECUTABLE_FOLDER_PATH)/CardioAI";
			};
			name = Debug;
		};
		AA510004 /* Release */ = {
			isa = XCBuildConfiguration;
			buildSettings = {
				BUNDLE_LOADER = "$(TEST_HOST)";
				CODE_SIGN_STYLE = Automatic;
				CURRENT_PROJECT_VERSION = 2;
				GENERATE_INFOPLIST_FILE = YES;
				IPHONEOS_DEPLOYMENT_TARGET = 17.0;
				PRODUCT_BUNDLE_IDENTIFIER = com.cardioai.iomt.tests;
				PRODUCT_NAME = CardioAITests;
				SWIFT_VERSION = 5.9;
				TARGETED_DEVICE_FAMILY = 1;
				TEST_HOST = "$(BUILT_PRODUCTS_DIR)/CardioAI.app/$(BUNDLE_EXECUTABLE_FOLDER_PATH)/CardioAI";
			};
			name = Release;
		};
		AA520001 /* Debug */ = {
			isa = XCBuildConfiguration;
			buildSettings = {
				ALWAYS_SEARCH_USER_PATHS = NO;
				CLANG_CXX_LANGUAGE_STANDARD = "gnu++20";
				CLANG_WARN_BLOCK_CAPTURE_AUTORELEASING = YES;
				CLANG_WARN_BOOL_CONVERSION = YES;
				CLANG_WARN_COMMA = YES;
				CLANG_WARN_EMPTY_BODY = YES;
				CLANG_WARN_ENUM_CONVERSION = YES;
				CLANG_WARN_INFINITE_RECURSION = YES;
				CLANG_WARN_INT_CONVERSION = YES;
				CLANG_WARN_NON_LITERAL_NULL_CONVERSION = YES;
				CLANG_WARN_OBJC_LITERAL_CONVERSION = YES;
				CLANG_WARN_OBJC_ROOT_CLASS = YES_ERROR;
				CLANG_WARN_QUOTED_INCLUDE_IN_FRAMEWORK_HEADER = YES;
				CLANG_WARN_RANGE_LOOP_ANALYSIS = YES;
				CLANG_WARN_STRICT_PROTOTYPES = YES;
				CLANG_WARN_SUSPICIOUS_MOVE = YES;
				CLANG_WARN_UNREACHABLE_CODE = YES;
				CLANG_WARN__DUPLICATE_METHOD_MATCH = YES;
				DEBUG_INFORMATION_FORMAT = dwarf;
				ENABLE_STRICT_OBJC_MSGSEND = YES;
				ENABLE_TESTABILITY = YES;
				GCC_C_LANGUAGE_STANDARD = gnu11;
				GCC_DYNAMIC_NO_PIC = NO;
				GCC_NO_COMMON_BLOCKS = YES;
				GCC_OPTIMIZATION_LEVEL = 0;
				GCC_PREPROCESSOR_DEFINITIONS = (
					"DEBUG=1",
					"$(inherited)",
				);
				GCC_WARN_64_TO_32_BIT_CONVERSION = YES;
				GCC_WARN_ABOUT_RETURN_TYPE = YES_ERROR;
				GCC_WARN_UNDECLARED_SELECTOR = YES;
				GCC_WARN_UNINITIALIZED_AUTOS = YES_AGGRESSIVE;
				GCC_WARN_UNUSED_FUNCTION = YES;
				GCC_WARN_UNUSED_VARIABLE = YES;
				IPHONEOS_DEPLOYMENT_TARGET = 17.0;
				MTL_ENABLE_DEBUG_INFO = INCLUDE_SOURCE;
				MTL_FAST_MATH = YES;
				ONLY_ACTIVE_ARCH = YES;
				SDKROOT = iphoneos;
				SWIFT_ACTIVE_COMPILATION_CONDITIONS = DEBUG;
				SWIFT_OPTIMIZATION_LEVEL = "-Onone";
			};
			name = Debug;
		};
		AA520002 /* Release */ = {
			isa = XCBuildConfiguration;
			buildSettings = {
				ALWAYS_SEARCH_USER_PATHS = NO;
				CLANG_CXX_LANGUAGE_STANDARD = "gnu++20";
				CLANG_WARN_BLOCK_CAPTURE_AUTORELEASING = YES;
				CLANG_WARN_BOOL_CONVERSION = YES;
				CLANG_WARN_COMMA = YES;
				CLANG_WARN_EMPTY_BODY = YES;
				CLANG_WARN_ENUM_CONVERSION = YES;
				CLANG_WARN_INFINITE_RECURSION = YES;
				CLANG_WARN_INT_CONVERSION = YES;
				CLANG_WARN_NON_LITERAL_NULL_CONVERSION = YES;
				CLANG_WARN_OBJC_LITERAL_CONVERSION = YES;
				CLANG_WARN_OBJC_ROOT_CLASS = YES_ERROR;
				CLANG_WARN_QUOTED_INCLUDE_IN_FRAMEWORK_HEADER = YES;
				CLANG_WARN_RANGE_LOOP_ANALYSIS = YES;
				CLANG_WARN_STRICT_PROTOTYPES = YES;
				CLANG_WARN_SUSPICIOUS_MOVE = YES;
				CLANG_WARN_UNREACHABLE_CODE = YES;
				CLANG_WARN__DUPLICATE_METHOD_MATCH = YES;
				COPY_PHASE_STRIP = NO;
				DEBUG_INFORMATION_FORMAT = "dwarf-with-dsym";
				ENABLE_NS_ASSERTIONS = NO;
				ENABLE_STRICT_OBJC_MSGSEND = YES;
				GCC_C_LANGUAGE_STANDARD = gnu11;
				GCC_NO_COMMON_BLOCKS = YES;
				GCC_WARN_64_TO_32_BIT_CONVERSION = YES;
				GCC_WARN_ABOUT_RETURN_TYPE = YES_ERROR;
				GCC_WARN_UNDECLARED_SELECTOR = YES;
				GCC_WARN_UNINITIALIZED_AUTOS = YES_AGGRESSIVE;
				GCC_WARN_UNUSED_FUNCTION = YES;
				GCC_WARN_UNUSED_VARIABLE = YES;
				IPHONEOS_DEPLOYMENT_TARGET = 17.0;
				MTL_FAST_MATH = YES;
				SDKROOT = iphoneos;
				SWIFT_COMPILATION_MODE = wholemodule;
				SWIFT_OPTIMIZATION_LEVEL = "-O";
				VALIDATE_PRODUCT = YES;
			};
			name = Release;
		};
/* End XCBuildConfiguration section */

/* Begin XCConfigurationList section */
		AA500001 /* Build configuration list for PBXNativeTarget "CardioAI" */ = {
			isa = XCConfigurationList;
			buildConfigurations = (
				AA510001 /* Debug */,
				AA510002 /* Release */,
			);
			defaultConfigurationIsVisible = 0;
			defaultConfigurationName = Release;
		};
		AA500002 /* Build configuration list for PBXProject "CardioAI" */ = {
			isa = XCConfigurationList;
			buildConfigurations = (
				AA520001 /* Debug */,
				AA520002 /* Release */,
			);
			defaultConfigurationIsVisible = 0;
			defaultConfigurationName = Release;
		};
		AA500003 /* Build configuration list for PBXNativeTarget "CardioAITests" */ = {
			isa = XCConfigurationList;
			buildConfigurations = (
				AA510003 /* Debug */,
				AA510004 /* Release */,
			);
			defaultConfigurationIsVisible = 0;
			defaultConfigurationName = Release;
		};
/* End XCConfigurationList section */
	};
	rootObject = AA600001 /* Project object */;
}
